// !$*UTF8*$!
{
	archiveVersion = 1;
	classes = {
	};
	objectVersion = 55;
	objects = {

/* Begin PBXBuildFile section */
		496439E92894974100FD962A /* project_themeApp.swift in Sources */ = {isa = PBXBuildFile; fileRef = 496439E82894974100FD962A /* project_themeApp.swift */; };
		496439EB2894974100FD962A /* ContentView.swift in Sources */ = {isa = PBXBuildFile; fileRef = 496439EA2894974100FD962A /* ContentView.swift */; };
		496439ED2894974100FD962A /* Assets.xcassets in Resources */ = {isa = PBXBuildFile; fileRef = 496439EC2894974100FD962A /* Assets.xcassets */; };
		496439F02894974100FD962A /* Preview Assets.xcassets in Resources */ = {isa = PBXBuildFile; fileRef = 496439EF2894974100FD962A /* Preview Assets.xcassets */; };
		496439F52894974100FD962A /* project_theme.xcdatamodeld in Sources */ = {isa = PBXBuildFile; fileRef = 496439F32894974100FD962A /* project_theme.xcdatamodeld */; };
		496439FD289497F100FD962A /* ThemeView.swift in Sources */ = {isa = PBXBuildFile; fileRef = 496439FC289497F100FD962A /* ThemeView.swift */; };
		4975D36A2895F231000265A2 /* EditThemeView.swift in Sources */ = {isa = PBXBuildFile; fileRef = 4975D3692895F231000265A2 /* EditThemeView.swift */; };
		4975D36C2895F368000265A2 /* StaticThemeView.swift in Sources */ = {isa = PBXBuildFile; fileRef = 4975D36B2895F368000265A2 /* StaticThemeView.swift */; };
		4975D37028960408000265A2 /* Store.swift in Sources */ = {isa = PBXBuildFile; fileRef = 4975D36F28960408000265A2 /* Store.swift */; };
		49C4837E289742D700D87527 /* WritingView.swift in Sources */ = {isa = PBXBuildFile; fileRef = 49C4837D289742D700D87527 /* WritingView.swift */; };
		49C4838028974AC500D87527 /* Theme.swift in Sources */ = {isa = PBXBuildFile; fileRef = 49C4837F28974AC500D87527 /* Theme.swift */; };
		49C4838228974B0600D87527 /* Writing.swift in Sources */ = {isa = PBXBuildFile; fileRef = 49C4838128974B0600D87527 /* Writing.swift */; };
		49C4838428974E3A00D87527 /* PageEditView.swift in Sources */ = {isa = PBXBuildFile; fileRef = 49C4838328974E3A00D87527 /* PageEditView.swift */; };
/* End PBXBuildFile section */

/* Begin PBXFileReference section */
		496439E52894974100FD962A /* project_theme.app */ = {isa = PBXFileReference; explicitFileType = wrapper.application; includeInIndex = 0; path = project_theme.app; sourceTree = BUILT_PRODUCTS_DIR; };
		496439E82894974100FD962A /* project_themeApp.swift */ = {isa = PBXFileReference; lastKnownFileType = sourcecode.swift; path = project_themeApp.swift; sourceTree = "<group>"; };
		496439EA2894974100FD962A /* ContentView.swift */ = {isa = PBXFileReference; lastKnownFileType = sourcecode.swift; path = ContentView.swift; sourceTree = "<group>"; };
		496439EC2894974100FD962A /* Assets.xcassets */ = {isa = PBXFileReference; lastKnownFileType = folder.assetcatalog; path = Assets.xcassets; sourceTree = "<group>"; };
		496439EF2894974100FD962A /* Preview Assets.xcassets */ = {isa = PBXFileReference; lastKnownFileType = folder.assetcatalog; path = "Preview Assets.xcassets"; sourceTree = "<group>"; };
		496439F42894974100FD962A /* project_theme.xcdatamodel */ = {isa = PBXFileReference; lastKnownFileType = wrapper.xcdatamodel; path = project_theme.xcdatamodel; sourceTree = "<group>"; };
		496439F62894974100FD962A /* project_theme.entitlements */ = {isa = PBXFileReference; lastKnownFileType = text.plist.entitlements; path = project_theme.entitlements; sourceTree = "<group>"; };
		496439FC289497F100FD962A /* ThemeView.swift */ = {isa = PBXFileReference; lastKnownFileType = sourcecode.swift; path = ThemeView.swift; sourceTree = "<group>"; };
		4975D3692895F231000265A2 /* EditThemeView.swift */ = {isa = PBXFileReference; lastKnownFileType = sourcecode.swift; path = EditThemeView.swift; sourceTree = "<group>"; };
		4975D36B2895F368000265A2 /* StaticThemeView.swift */ = {isa = PBXFileReference; lastKnownFileType = sourcecode.swift; path = StaticThemeView.swift; sourceTree = "<group>"; };
		4975D36F28960408000265A2 /* Store.swift */ = {isa = PBXFileReference; lastKnownFileType = sourcecode.swift; path = Store.swift; sourceTree = "<group>"; };
		49C4837D289742D700D87527 /* WritingView.swift */ = {isa = PBXFileReference; lastKnownFileType = sourcecode.swift; path = WritingView.swift; sourceTree = "<group>"; };
		49C4837F28974AC500D87527 /* Theme.swift */ = {isa = PBXFileReference; lastKnownFileType = sourcecode.swift; path = Theme.swift; sourceTree = "<group>"; };
		49C4838128974B0600D87527 /* Writing.swift */ = {isa = PBXFileReference; lastKnownFileType = sourcecode.swift; path = Writing.swift; sourceTree = "<group>"; };
		49C4838328974E3A00D87527 /* PageEditView.swift */ = {isa = PBXFileReference; lastKnownFileType = sourcecode.swift; path = PageEditView.swift; sourceTree = "<group>"; };
/* End PBXFileReference section */

/* Begin PBXFrameworksBuildPhase section */
		496439E22894974100FD962A /* Frameworks */ = {
			isa = PBXFrameworksBuildPhase;
			buildActionMask = 2147483647;
			files = (
			);
			runOnlyForDeploymentPostprocessing = 0;
		};
/* End PBXFrameworksBuildPhase section */

/* Begin PBXGroup section */
		49417CC92895CF76007EA08F /* View */ = {
			isa = PBXGroup;
			children = (
				496439EA2894974100FD962A /* ContentView.swift */,
				49C4837C2897429E00D87527 /* Writing */,
				49C4837B2897428D00D87527 /* Theme */,
			);
			path = View;
			sourceTree = "<group>";
		};
		49417CCA2895CF91007EA08F /* Model */ = {
			isa = PBXGroup;
			children = (
				4975D36F28960408000265A2 /* Store.swift */,
				49C4837F28974AC500D87527 /* Theme.swift */,
				49C4838128974B0600D87527 /* Writing.swift */,
			);
			path = Model;
			sourceTree = "<group>";
		};
		496439DC2894974100FD962A = {
			isa = PBXGroup;
			children = (
				496439E72894974100FD962A /* project_theme */,
				496439E62894974100FD962A /* Products */,
			);
			sourceTree = "<group>";
		};
		496439E62894974100FD962A /* Products */ = {
			isa = PBXGroup;
			children = (
				496439E52894974100FD962A /* project_theme.app */,
			);
			name = Products;
			sourceTree = "<group>";
		};
		496439E72894974100FD962A /* project_theme */ = {
			isa = PBXGroup;
			children = (
				49417CCA2895CF91007EA08F /* Model */,
				49417CC92895CF76007EA08F /* View */,
				496439E82894974100FD962A /* project_themeApp.swift */,
				496439EC2894974100FD962A /* Assets.xcassets */,
				496439F62894974100FD962A /* project_theme.entitlements */,
				496439F32894974100FD962A /* project_theme.xcdatamodeld */,
				496439EE2894974100FD962A /* Preview Content */,
			);
			path = project_theme;
			sourceTree = "<group>";
		};
		496439EE2894974100FD962A /* Preview Content */ = {
			isa = PBXGroup;
			children = (
				496439EF2894974100FD962A /* Preview Assets.xcassets */,
			);
			path = "Preview Content";
			sourceTree = "<group>";
		};
		49C4837B2897428D00D87527 /* Theme */ = {
			isa = PBXGroup;
			children = (
				496439FC289497F100FD962A /* ThemeView.swift */,
				4975D3692895F231000265A2 /* EditThemeView.swift */,
				4975D36B2895F368000265A2 /* StaticThemeView.swift */,
			);
			path = Theme;
			sourceTree = "<group>";
		};
		49C4837C2897429E00D87527 /* Writing */ = {
			isa = PBXGroup;
			children = (
				49C4837D289742D700D87527 /* WritingView.swift */,
				49C4838328974E3A00D87527 /* PageEditView.swift */,
			);
			path = Writing;
			sourceTree = "<group>";
		};
/* End PBXGroup section */

/* Begin PBXNativeTarget section */
		496439E42894974100FD962A /* project_theme */ = {
			isa = PBXNativeTarget;
			buildConfigurationList = 496439F92894974100FD962A /* Build configuration list for PBXNativeTarget "project_theme" */;
			buildPhases = (
				496439E12894974100FD962A /* Sources */,
				496439E22894974100FD962A /* Frameworks */,
				496439E32894974100FD962A /* Resources */,
			);
			buildRules = (
			);
			dependencies = (
			);
			name = project_theme;
			productName = project_theme;
			productReference = 496439E52894974100FD962A /* project_theme.app */;
			productType = "com.apple.product-type.application";
		};
/* End PBXNativeTarget section */

/* Begin PBXProject section */
		496439DD2894974100FD962A /* Project object */ = {
			isa = PBXProject;
			attributes = {
				BuildIndependentTargetsInParallel = 1;
				LastSwiftUpdateCheck = 1340;
				LastUpgradeCheck = 1340;
				TargetAttributes = {
					496439E42894974100FD962A = {
						CreatedOnToolsVersion = 13.4.1;
					};
				};
			};
			buildConfigurationList = 496439E02894974100FD962A /* Build configuration list for PBXProject "project_theme" */;
			compatibilityVersion = "Xcode 13.0";
			developmentRegion = en;
			hasScannedForEncodings = 0;
			knownRegions = (
				en,
				Base,
			);
			mainGroup = 496439DC2894974100FD962A;
			productRefGroup = 496439E62894974100FD962A /* Products */;
			projectDirPath = "";
			projectRoot = "";
			targets = (
				496439E42894974100FD962A /* project_theme */,
			);
		};
/* End PBXProject section */

/* Begin PBXResourcesBuildPhase section */
		496439E32894974100FD962A /* Resources */ = {
			isa = PBXResourcesBuildPhase;
			buildActionMask = 2147483647;
			files = (
				496439F02894974100FD962A /* Preview Assets.xcassets in Resources */,
				496439ED2894974100FD962A /* Assets.xcassets in Resources */,
			);
			runOnlyForDeploymentPostprocessing = 0;
		};
/* End PBXResourcesBuildPhase section */

/* Begin PBXSourcesBuildPhase section */
		496439E12894974100FD962A /* Sources */ = {
			isa = PBXSourcesBuildPhase;
			buildActionMask = 2147483647;
			files = (
				49C4838428974E3A00D87527 /* PageEditView.swift in Sources */,
				49C4838028974AC500D87527 /* Theme.swift in Sources */,
				4975D37028960408000265A2 /* Store.swift in Sources */,
				496439EB2894974100FD962A /* ContentView.swift in Sources */,
				496439E92894974100FD962A /* project_themeApp.swift in Sources */,
				49C4838228974B0600D87527 /* Writing.swift in Sources */,
				49C4837E289742D700D87527 /* WritingView.swift in Sources */,
				496439FD289497F100FD962A /* ThemeView.swift in Sources */,
				4975D36A2895F231000265A2 /* EditThemeView.swift in Sources */,
				4975D36C2895F368000265A2 /* StaticThemeView.swift in Sources */,
				496439F52894974100FD962A /* project_theme.xcdatamodeld in Sources */,
			);
			runOnlyForDeploymentPostprocessing = 0;
		};
/* End PBXSourcesBuildPhase section */

/* Begin XCBuildConfiguration section */
		496439F72894974100FD962A /* Debug */ = {
			isa = XCBuildConfiguration;
			buildSettings = {
				ALWAYS_SEARCH_USER_PATHS = NO;
				CLANG_ANALYZER_NONNULL = YES;
				CLANG_ANALYZER_NUMBER_OBJECT_CONVERSION = YES_AGGRESSIVE;
				CLANG_CXX_LANGUAGE_STANDARD = "gnu++17";
				CLANG_ENABLE_MODULES = YES;
				CLANG_ENABLE_OBJC_ARC = YES;
				CLANG_ENABLE_OBJC_WEAK = YES;
				CLANG_WARN_BLOCK_CAPTURE_AUTORELEASING = YES;
				CLANG_WARN_BOOL_CONVERSION = YES;
				CLANG_WARN_COMMA = YES;
				CLANG_WARN_CONSTANT_CONVERSION = YES;
				CLANG_WARN_DEPRECATED_OBJC_IMPLEMENTATIONS = YES;
				CLANG_WARN_DIRECT_OBJC_ISA_USAGE = YES_ERROR;
				CLANG_WARN_DOCUMENTATION_COMMENTS = YES;
				CLANG_WARN_EMPTY_BODY = YES;
				CLANG_WARN_ENUM_CONVERSION = YES;
				CLANG_WARN_INFINITE_RECURSION = YES;
				CLANG_WARN_INT_CONVERSION = YES;
				CLANG_WARN_NON_LITERAL_NULL_CONVERSION = YES;
				CLANG_WARN_OBJC_IMPLICIT_RETAIN_SELF = YES;
				CLANG_WARN_OBJC_LITERAL_CONVERSION = YES;
				CLANG_WARN_OBJC_ROOT_CLASS = YES_ERROR;
				CLANG_WARN_QUOTED_INCLUDE_IN_FRAMEWORK_HEADER = YES;
				CLANG_WARN_RANGE_LOOP_ANALYSIS = YES;
				CLANG_WARN_STRICT_PROTOTYPES = YES;
				CLANG_WARN_SUSPICIOUS_MOVE = YES;
				CLANG_WARN_UNGUARDED_AVAILABILITY = YES_AGGRESSIVE;
				CLANG_WARN_UNREACHABLE_CODE = YES;
				CLANG_WARN__DUPLICATE_METHOD_MATCH = YES;
				COPY_PHASE_STRIP = NO;
				DEBUG_INFORMATION_FORMAT = dwarf;
				ENABLE_STRICT_OBJC_MSGSEND = YES;
				ENABLE_TESTABILITY = YES;
				GCC_C_LANGUAGE_STANDARD = gnu11;
				GCC_DYNAMIC_NO_PIC = NO;
				GCC_NO_COMMON_BLOCKS = YES;
				GCC_OPTIMIZATION_LEVEL = 0;
				GCC_PREPROCESSOR_DEFINITIONS = (
					"DEBUG=1",
					"$(inherited)",
				);
				GCC_WARN_64_TO_32_BIT_CONVERSION = YES;
				GCC_WARN_ABOUT_RETURN_TYPE = YES_ERROR;
				GCC_WARN_UNDECLARED_SELECTOR = YES;
				GCC_WARN_UNINITIALIZED_AUTOS = YES_AGGRESSIVE;
				GCC_WARN_UNUSED_FUNCTION = YES;
				GCC_WARN_UNUSED_VARIABLE = YES;
				MACOSX_DEPLOYMENT_TARGET = 12.3;
				MTL_ENABLE_DEBUG_INFO = INCLUDE_SOURCE;
				MTL_FAST_MATH = YES;
				ONLY_ACTIVE_ARCH = YES;
				SDKROOT = macosx;
				SWIFT_ACTIVE_COMPILATION_CONDITIONS = DEBUG;
				SWIFT_OPTIMIZATION_LEVEL = "-Onone";
			};
			name = Debug;
		};
		496439F82894974100FD962A /* Release */ = {
			isa = XCBuildConfiguration;
			buildSettings = {
				ALWAYS_SEARCH_USER_PATHS = NO;
				CLANG_ANALYZER_NONNULL = YES;
				CLANG_ANALYZER_NUMBER_OBJECT_CONVERSION = YES_AGGRESSIVE;
				CLANG_CXX_LANGUAGE_STANDARD = "gnu++17";
				CLANG_ENABLE_MODULES = YES;
				CLANG_ENABLE_OBJC_ARC = YES;
				CLANG_ENABLE_OBJC_WEAK = YES;
				CLANG_WARN_BLOCK_CAPTURE_AUTORELEASING = YES;
				CLANG_WARN_BOOL_CONVERSION = YES;
				CLANG_WARN_COMMA = YES;
				CLANG_WARN_CONSTANT_CONVERSION = YES;
				CLANG_WARN_DEPRECATED_OBJC_IMPLEMENTATIONS = YES;
				CLANG_WARN_DIRECT_OBJC_ISA_USAGE = YES_ERROR;
				CLANG_WARN_DOCUMENTATION_COMMENTS = YES;
				CLANG_WARN_EMPTY_BODY = YES;
				CLANG_WARN_ENUM_CONVERSION = YES;
				CLANG_WARN_INFINITE_RECURSION = YES;
				CLANG_WARN_INT_CONVERSION = YES;
				CLANG_WARN_NON_LITERAL_NULL_CONVERSION = YES;
				CLANG_WARN_OBJC_IMPLICIT_RETAIN_SELF = YES;
				CLANG_WARN_OBJC_LITERAL_CONVERSION = YES;
				CLANG_WARN_OBJC_ROOT_CLASS = YES_ERROR;
				CLANG_WARN_QUOTED_INCLUDE_IN_FRAMEWORK_HEADER = YES;
				CLANG_WARN_RANGE_LOOP_ANALYSIS = YES;
				CLANG_WARN_STRICT_PROTOTYPES = YES;
				CLANG_WARN_SUSPICIOUS_MOVE = YES;
				CLANG_WARN_UNGUARDED_AVAILABILITY = YES_AGGRESSIVE;
				CLANG_WARN_UNREACHABLE_CODE = YES;
				CLANG_WARN__DUPLICATE_METHOD_MATCH = YES;
				COPY_PHASE_STRIP = NO;
				DEBUG_INFORMATION_FORMAT = "dwarf-with-dsym";
				ENABLE_NS_ASSERTIONS = NO;
				ENABLE_STRICT_OBJC_MSGSEND = YES;
				GCC_C_LANGUAGE_STANDARD = gnu11;
				GCC_NO_COMMON_BLOCKS = YES;
				GCC_WARN_64_TO_32_BIT_CONVERSION = YES;
				GCC_WARN_ABOUT_RETURN_TYPE = YES_ERROR;
				GCC_WARN_UNDECLARED_SELECTOR = YES;
				GCC_WARN_UNINITIALIZED_AUTOS = YES_AGGRESSIVE;
				GCC_WARN_UNUSED_FUNCTION = YES;
				GCC_WARN_UNUSED_VARIABLE = YES;
				MACOSX_DEPLOYMENT_TARGET = 12.3;
				MTL_ENABLE_DEBUG_INFO = NO;
				MTL_FAST_MATH = YES;
				SDKROOT = macosx;
				SWIFT_COMPILATION_MODE = wholemodule;
				SWIFT_OPTIMIZATION_LEVEL = "-O";
			};
			name = Release;
		};
		496439FA2894974100FD962A /* Debug */ = {
			isa = XCBuildConfiguration;
			buildSettings = {
				ASSETCATALOG_COMPILER_APPICON_NAME = AppIcon;
				ASSETCATALOG_COMPILER_GLOBAL_ACCENT_COLOR_NAME = AccentColor;
				CODE_SIGN_ENTITLEMENTS = project_theme/project_theme.entitlements;
				CODE_SIGN_STYLE = Automatic;
				COMBINE_HIDPI_IMAGES = YES;
				CURRENT_PROJECT_VERSION = 1;
				DEVELOPMENT_ASSET_PATHS = "\"project_theme/Preview Content\"";
				DEVELOPMENT_TEAM = 5Z8LRPR296;
				ENABLE_HARDENED_RUNTIME = YES;
				ENABLE_PREVIEWS = YES;
				GENERATE_INFOPLIST_FILE = YES;
				INFOPLIST_KEY_NSHumanReadableCopyright = "";
				LD_RUNPATH_SEARCH_PATHS = (
					"$(inherited)",
					"@executable_path/../Frameworks",
				);
				MARKETING_VERSION = 1.0;
				PRODUCT_BUNDLE_IDENTIFIER = "jjperez.project-theme";
				PRODUCT_NAME = "$(TARGET_NAME)";
				SWIFT_EMIT_LOC_STRINGS = YES;
				SWIFT_VERSION = 5.0;
			};
			name = Debug;
		};
		496439FB2894974100FD962A /* Release */ = {
			isa = XCBuildConfiguration;
			buildSettings = {
				ASSETCATALOG_COMPILER_APPICON_NAME = AppIcon;
				ASSETCATALOG_COMPILER_GLOBAL_ACCENT_COLOR_NAME = AccentColor;
				CODE_SIGN_ENTITLEMENTS = project_theme/project_theme.entitlements;
				CODE_SIGN_STYLE = Automatic;
				COMBINE_HIDPI_IMAGES = YES;
				CURRENT_PROJECT_VERSION = 1;
				DEVELOPMENT_ASSET_PATHS = "\"project_theme/Preview Content\"";
				DEVELOPMENT_TEAM = 5Z8LRPR296;
				ENABLE_HARDENED_RUNTIME = YES;
				ENABLE_PREVIEWS = YES;
				GENERATE_INFOPLIST_FILE = YES;
				INFOPLIST_KEY_NSHumanReadableCopyright = "";
				LD_RUNPATH_SEARCH_PATHS = (
					"$(inherited)",
					"@executable_path/../Frameworks",
				);
				MARKETING_VERSION = 1.0;
				PRODUCT_BUNDLE_IDENTIFIER = "jjperez.project-theme";
				PRODUCT_NAME = "$(TARGET_NAME)";
				SWIFT_EMIT_LOC_STRINGS = YES;
				SWIFT_VERSION = 5.0;
			};
			name = Release;
		};
/* End XCBuildConfiguration section */

/* Begin XCConfigurationList section */
		496439E02894974100FD962A /* Build configuration list for PBXProject "project_theme" */ = {
			isa = XCConfigurationList;
			buildConfigurations = (
				496439F72894974100FD962A /* Debug */,
				496439F82894974100FD962A /* Release */,
			);
			defaultConfigurationIsVisible = 0;
			defaultConfigurationName = Release;
		};
		496439F92894974100FD962A /* Build configuration list for PBXNativeTarget "project_theme" */ = {
			isa = XCConfigurationList;
			buildConfigurations = (
				496439FA2894974100FD962A /* Debug */,
				496439FB2894974100FD962A /* Release */,
			);
			defaultConfigurationIsVisible = 0;
			defaultConfigurationName = Release;
		};
/* End XCConfigurationList section */

/* Begin XCVersionGroup section */
		496439F32894974100FD962A /* project_theme.xcdatamodeld */ = {
			isa = XCVersionGroup;
			children = (
				496439F42894974100FD962A /* project_theme.xcdatamodel */,
			);
			currentVersion = 496439F42894974100FD962A /* project_theme.xcdatamodel */;
			path = project_theme.xcdatamodeld;
			sourceTree = "<group>";
			versionGroupType = wrapper.xcdatamodel;
		};
/* End XCVersionGroup section */
	};
	rootObject = 496439DD2894974100FD962A /* Project object */;
}
